{
  "lib/devtools": {
    "rev": "2c3a0b2c6a4589078e405d6e3b79ed745adda16f"
  },
  "lib/forge-std": {
    "rev": "77041d2ce690e692d6e03cc812b57d1ddaa4d505"
  },
  "lib/metamorpho": {
    "rev": "00da9ad27da8051bce663eeac02f3b9c0c0aa8d8"
  },
  "lib/metamorpho-v1.1": {
    "rev": "2d160ba9bb945ca3bf12efb182427445dce59c27"
  },
  "lib/morpho-blue": {
    "rev": "d89ca53ff6cbbacf8717a8ce819ee58f49bcc592"
  },
  "lib/openzeppelin-contracts": {
    "rev": "b72e3da0ec1f47e4a7911a4c06dc92e78c646607"
  }
}